
Microsoft Visual Studio Solution File, Format Version 12.00
# Visual Studio Version 17
VisualStudioVersion = 17.0.32014.148
MinimumVisualStudioVersion = 10.0.40219.1
Project("{9A19103F-16F7-4668-BE54-9A1E7A4F7556}") = "DiscoverWeeklySave", "DiscoverWeeklySave\DiscoverWeeklySave.csproj", "{7D44F55F-0B44-4BC5-9E26-48922174CA20}"
EndProject
Global
	GlobalSection(SolutionConfigurationPlatforms) = preSolution
		Debug|Any CPU = Debug|Any CPU
		Release|Any CPU = Release|Any CPU
	EndGlobalSection
	GlobalSection(ProjectConfigurationPlatforms) = postSolution
		{7D44F55F-0B44-4BC5-9E26-48922174CA20}.Debug|Any CPU.ActiveCfg = Debug|Any CPU
		{7D44F55F-0B44-4BC5-9E26-48922174CA20}.Debug|Any CPU.Build.0 = Debug|Any CPU
		{7D44F55F-0B44-4BC5-9E26-48922174CA20}.Release|Any CPU.ActiveCfg = Release|Any CPU
		{7D44F55F-0B44-4BC5-9E26-48922174CA20}.Release|Any CPU.Build.0 = Release|Any CPU
	EndGlobalSection
	GlobalSection(SolutionProperties) = preSolution
		HideSolutionNode = FALSE
	EndGlobalSection
	GlobalSection(ExtensibilityGlobals) = postSolution
		SolutionGuid = {945EA540-2204-4954-B516-1DBAC4547078}
	EndGlobalSection
EndGlobal
